
Microsoft Visual Studio Solution File, Format Version 12.00
# Visual Studio Version 16
VisualStudioVersion = 16.0.30011.22
MinimumVisualStudioVersion = 10.0.40219.1
Project("{FAE04EC0-301F-11D3-BF4B-00C04F79EFBC}") = "ProxyTibia", "ProxyTibia\ProxyTibia.csproj", "{8FB1DD0F-33A4-474B-B22D-75EC382C5F18}"
EndProject
Global
	GlobalSection(SolutionConfigurationPlatforms) = preSolution
		Debug|Any CPU = Debug|Any CPU
		Release|Any CPU = Release|Any CPU
	EndGlobalSection
	GlobalSection(ProjectConfigurationPlatforms) = postSolution
		{8FB1DD0F-33A4-474B-B22D-75EC382C5F18}.Debug|Any CPU.ActiveCfg = Debug|Any CPU
		{8FB1DD0F-33A4-474B-B22D-75EC382C5F18}.Debug|Any CPU.Build.0 = Debug|Any CPU
		{8FB1DD0F-33A4-474B-B22D-75EC382C5F18}.Release|Any CPU.ActiveCfg = Release|Any CPU
		{8FB1DD0F-33A4-474B-B22D-75EC382C5F18}.Release|Any CPU.Build.0 = Release|Any CPU
	EndGlobalSection
	GlobalSection(SolutionProperties) = preSolution
		HideSolutionNode = FALSE
	EndGlobalSection
	GlobalSection(ExtensibilityGlobals) = postSolution
		SolutionGuid = {F85ECADB-CC9F-4F4E-9DD1-7B84A0C990BD}
	EndGlobalSection
EndGlobal
